// !$*UTF8*$!
{
	archiveVersion = 1;
	classes = {
	};
	objectVersion = 55;
	objects = {

/* Begin PBXBuildFile section */
		52B9B03C27201E2600DADC63 /* FructusApp.swift in Sources */ = {isa = PBXBuildFile; fileRef = 52B9B03B27201E2600DADC63 /* FructusApp.swift */; };
		52B9B03E27201E2600DADC63 /* ContentView.swift in Sources */ = {isa = PBXBuildFile; fileRef = 52B9B03D27201E2600DADC63 /* ContentView.swift */; };
		52B9B04027201E2800DADC63 /* Assets.xcassets in Resources */ = {isa = PBXBuildFile; fileRef = 52B9B03F27201E2800DADC63 /* Assets.xcassets */; };
		52B9B04327201E2800DADC63 /* Preview Assets.xcassets in Resources */ = {isa = PBXBuildFile; fileRef = 52B9B04227201E2800DADC63 /* Preview Assets.xcassets */; };
		52B9B04C272024B600DADC63 /* FruitCardView.swift in Sources */ = {isa = PBXBuildFile; fileRef = 52B9B04B272024B600DADC63 /* FruitCardView.swift */; };
		52B9B04E27202D8600DADC63 /* StartButtonView.swift in Sources */ = {isa = PBXBuildFile; fileRef = 52B9B04D27202D8600DADC63 /* StartButtonView.swift */; };
		52B9B0502720352800DADC63 /* OnboardingView.swift in Sources */ = {isa = PBXBuildFile; fileRef = 52B9B04F2720352800DADC63 /* OnboardingView.swift */; };
		52B9B05327203E7100DADC63 /* FruitModel.swift in Sources */ = {isa = PBXBuildFile; fileRef = 52B9B05227203E7100DADC63 /* FruitModel.swift */; };
		52B9B0562720408800DADC63 /* FruitData.swift in Sources */ = {isa = PBXBuildFile; fileRef = 52B9B0552720408800DADC63 /* FruitData.swift */; };
		52B9B0582726DC7700DADC63 /* FruitRowView.swift in Sources */ = {isa = PBXBuildFile; fileRef = 52B9B0572726DC7700DADC63 /* FruitRowView.swift */; };
		52B9B05A2726F07800DADC63 /* FruitDetailView.swift in Sources */ = {isa = PBXBuildFile; fileRef = 52B9B0592726F07800DADC63 /* FruitDetailView.swift */; };
		52B9B05C2726F9D400DADC63 /* FruitHeaderView.swift in Sources */ = {isa = PBXBuildFile; fileRef = 52B9B05B2726F9D400DADC63 /* FruitHeaderView.swift */; };
		52B9B05E2727C91C00DADC63 /* SourceLinkView.swift in Sources */ = {isa = PBXBuildFile; fileRef = 52B9B05D2727C91C00DADC63 /* SourceLinkView.swift */; };
		52B9B0602727CD4000DADC63 /* FruitNutrientsView.swift in Sources */ = {isa = PBXBuildFile; fileRef = 52B9B05F2727CD4000DADC63 /* FruitNutrientsView.swift */; };
/* End PBXBuildFile section */

/* Begin PBXFileReference section */
		52B9B03827201E2600DADC63 /* Fructus.app */ = {isa = PBXFileReference; explicitFileType = wrapper.application; includeInIndex = 0; path = Fructus.app; sourceTree = BUILT_PRODUCTS_DIR; };
		52B9B03B27201E2600DADC63 /* FructusApp.swift */ = {isa = PBXFileReference; lastKnownFileType = sourcecode.swift; path = FructusApp.swift; sourceTree = "<group>"; };
		52B9B03D27201E2600DADC63 /* ContentView.swift */ = {isa = PBXFileReference; lastKnownFileType = sourcecode.swift; path = ContentView.swift; sourceTree = "<group>"; };
		52B9B03F27201E2800DADC63 /* Assets.xcassets */ = {isa = PBXFileReference; lastKnownFileType = folder.assetcatalog; path = Assets.xcassets; sourceTree = "<group>"; };
		52B9B04227201E2800DADC63 /* Preview Assets.xcassets */ = {isa = PBXFileReference; lastKnownFileType = folder.assetcatalog; path = "Preview Assets.xcassets"; sourceTree = "<group>"; };
		52B9B04B272024B600DADC63 /* FruitCardView.swift */ = {isa = PBXFileReference; lastKnownFileType = sourcecode.swift; path = FruitCardView.swift; sourceTree = "<group>"; };
		52B9B04D27202D8600DADC63 /* StartButtonView.swift */ = {isa = PBXFileReference; lastKnownFileType = sourcecode.swift; path = StartButtonView.swift; sourceTree = "<group>"; };
		52B9B04F2720352800DADC63 /* OnboardingView.swift */ = {isa = PBXFileReference; lastKnownFileType = sourcecode.swift; path = OnboardingView.swift; sourceTree = "<group>"; };
		52B9B05227203E7100DADC63 /* FruitModel.swift */ = {isa = PBXFileReference; lastKnownFileType = sourcecode.swift; path = FruitModel.swift; sourceTree = "<group>"; };
		52B9B0552720408800DADC63 /* FruitData.swift */ = {isa = PBXFileReference; lastKnownFileType = sourcecode.swift; path = FruitData.swift; sourceTree = "<group>"; };
		52B9B0572726DC7700DADC63 /* FruitRowView.swift */ = {isa = PBXFileReference; lastKnownFileType = sourcecode.swift; path = FruitRowView.swift; sourceTree = "<group>"; };
		52B9B0592726F07800DADC63 /* FruitDetailView.swift */ = {isa = PBXFileReference; lastKnownFileType = sourcecode.swift; path = FruitDetailView.swift; sourceTree = "<group>"; };
		52B9B05B2726F9D400DADC63 /* FruitHeaderView.swift */ = {isa = PBXFileReference; lastKnownFileType = sourcecode.swift; path = FruitHeaderView.swift; sourceTree = "<group>"; };
		52B9B05D2727C91C00DADC63 /* SourceLinkView.swift */ = {isa = PBXFileReference; lastKnownFileType = sourcecode.swift; path = SourceLinkView.swift; sourceTree = "<group>"; };
		52B9B05F2727CD4000DADC63 /* FruitNutrientsView.swift */ = {isa = PBXFileReference; lastKnownFileType = sourcecode.swift; path = FruitNutrientsView.swift; sourceTree = "<group>"; };
/* End PBXFileReference section */

/* Begin PBXFrameworksBuildPhase section */
		52B9B03527201E2600DADC63 /* Frameworks */ = {
			isa = PBXFrameworksBuildPhase;
			buildActionMask = 2147483647;
			files = (
			);
			runOnlyForDeploymentPostprocessing = 0;
		};
/* End PBXFrameworksBuildPhase section */

/* Begin PBXGroup section */
		52B9B02F27201E2600DADC63 = {
			isa = PBXGroup;
			children = (
				52B9B03A27201E2600DADC63 /* Fructus */,
				52B9B03927201E2600DADC63 /* Products */,
			);
			sourceTree = "<group>";
		};
		52B9B03927201E2600DADC63 /* Products */ = {
			isa = PBXGroup;
			children = (
				52B9B03827201E2600DADC63 /* Fructus.app */,
			);
			name = Products;
			sourceTree = "<group>";
		};
		52B9B03A27201E2600DADC63 /* Fructus */ = {
			isa = PBXGroup;
			children = (
				52B9B049272023EC00DADC63 /* App */,
				52B9B0542720405500DADC63 /* Data */,
				52B9B05127203E4000DADC63 /* Model */,
				52B9B04A2720244300DADC63 /* View */,
				52B9B03F27201E2800DADC63 /* Assets.xcassets */,
				52B9B04127201E2800DADC63 /* Preview Content */,
			);
			path = Fructus;
			sourceTree = "<group>";
		};
		52B9B04127201E2800DADC63 /* Preview Content */ = {
			isa = PBXGroup;
			children = (
				52B9B04227201E2800DADC63 /* Preview Assets.xcassets */,
			);
			path = "Preview Content";
			sourceTree = "<group>";
		};
		52B9B049272023EC00DADC63 /* App */ = {
			isa = PBXGroup;
			children = (
				52B9B03B27201E2600DADC63 /* FructusApp.swift */,
				52B9B03D27201E2600DADC63 /* ContentView.swift */,
				52B9B04F2720352800DADC63 /* OnboardingView.swift */,
				52B9B0592726F07800DADC63 /* FruitDetailView.swift */,
			);
			path = App;
			sourceTree = "<group>";
		};
		52B9B04A2720244300DADC63 /* View */ = {
			isa = PBXGroup;
			children = (
				52B9B04B272024B600DADC63 /* FruitCardView.swift */,
				52B9B04D27202D8600DADC63 /* StartButtonView.swift */,
				52B9B0572726DC7700DADC63 /* FruitRowView.swift */,
				52B9B05B2726F9D400DADC63 /* FruitHeaderView.swift */,
				52B9B05D2727C91C00DADC63 /* SourceLinkView.swift */,
				52B9B05F2727CD4000DADC63 /* FruitNutrientsView.swift */,
			);
			path = View;
			sourceTree = "<group>";
		};
		52B9B05127203E4000DADC63 /* Model */ = {
			isa = PBXGroup;
			children = (
				52B9B05227203E7100DADC63 /* FruitModel.swift */,
			);
			path = Model;
			sourceTree = "<group>";
		};
		52B9B0542720405500DADC63 /* Data */ = {
			isa = PBXGroup;
			children = (
				52B9B0552720408800DADC63 /* FruitData.swift */,
			);
			path = Data;
			sourceTree = "<group>";
		};
/* End PBXGroup section */

/* Begin PBXNativeTarget section */
		52B9B03727201E2600DADC63 /* Fructus */ = {
			isa = PBXNativeTarget;
			buildConfigurationList = 52B9B04627201E2800DADC63 /* Build configuration list for PBXNativeTarget "Fructus" */;
			buildPhases = (
				52B9B03427201E2600DADC63 /* Sources */,
				52B9B03527201E2600DADC63 /* Frameworks */,
				52B9B03627201E2600DADC63 /* Resources */,
			);
			buildRules = (
			);
			dependencies = (
			);
			name = Fructus;
			productName = Fructus;
			productReference = 52B9B03827201E2600DADC63 /* Fructus.app */;
			productType = "com.apple.product-type.application";
		};
/* End PBXNativeTarget section */

/* Begin PBXProject section */
		52B9B03027201E2600DADC63 /* Project object */ = {
			isa = PBXProject;
			attributes = {
				BuildIndependentTargetsInParallel = 1;
				LastSwiftUpdateCheck = 1300;
				LastUpgradeCheck = 1300;
				TargetAttributes = {
					52B9B03727201E2600DADC63 = {
						CreatedOnToolsVersion = 13.0;
					};
				};
			};
			buildConfigurationList = 52B9B03327201E2600DADC63 /* Build configuration list for PBXProject "Fructus" */;
			compatibilityVersion = "Xcode 13.0";
			developmentRegion = en;
			hasScannedForEncodings = 0;
			knownRegions = (
				en,
				Base,
			);
			mainGroup = 52B9B02F27201E2600DADC63;
			productRefGroup = 52B9B03927201E2600DADC63 /* Products */;
			projectDirPath = "";
			projectRoot = "";
			targets = (
				52B9B03727201E2600DADC63 /* Fructus */,
			);
		};
/* End PBXProject section */

/* Begin PBXResourcesBuildPhase section */
		52B9B03627201E2600DADC63 /* Resources */ = {
			isa = PBXResourcesBuildPhase;
			buildActionMask = 2147483647;
			files = (
				52B9B04327201E2800DADC63 /* Preview Assets.xcassets in Resources */,
				52B9B04027201E2800DADC63 /* Assets.xcassets in Resources */,
			);
			runOnlyForDeploymentPostprocessing = 0;
		};
/* End PBXResourcesBuildPhase section */

/* Begin PBXSourcesBuildPhase section */
		52B9B03427201E2600DADC63 /* Sources */ = {
			isa = PBXSourcesBuildPhase;
			buildActionMask = 2147483647;
			files = (
				52B9B0562720408800DADC63 /* FruitData.swift in Sources */,
				52B9B05E2727C91C00DADC63 /* SourceLinkView.swift in Sources */,
				52B9B0502720352800DADC63 /* OnboardingView.swift in Sources */,
				52B9B0582726DC7700DADC63 /* FruitRowView.swift in Sources */,
				52B9B0602727CD4000DADC63 /* FruitNutrientsView.swift in Sources */,
				52B9B04C272024B600DADC63 /* FruitCardView.swift in Sources */,
				52B9B05A2726F07800DADC63 /* FruitDetailView.swift in Sources */,
				52B9B04E27202D8600DADC63 /* StartButtonView.swift in Sources */,
				52B9B05C2726F9D400DADC63 /* FruitHeaderView.swift in Sources */,
				52B9B03E27201E2600DADC63 /* ContentView.swift in Sources */,
				52B9B05327203E7100DADC63 /* FruitModel.swift in Sources */,
				52B9B03C27201E2600DADC63 /* FructusApp.swift in Sources */,
			);
			runOnlyForDeploymentPostprocessing = 0;
		};
/* End PBXSourcesBuildPhase section */

/* Begin XCBuildConfiguration section */
		52B9B04427201E2800DADC63 /* Debug */ = {
			isa = XCBuildConfiguration;
			buildSettings = {
				ALWAYS_SEARCH_USER_PATHS = NO;
				CLANG_ANALYZER_NONNULL = YES;
				CLANG_ANALYZER_NUMBER_OBJECT_CONVERSION = YES_AGGRESSIVE;
				CLANG_CXX_LANGUAGE_STANDARD = "gnu++17";
				CLANG_CXX_LIBRARY = "libc++";
				CLANG_ENABLE_MODULES = YES;
				CLANG_ENABLE_OBJC_ARC = YES;
				CLANG_ENABLE_OBJC_WEAK = YES;
				CLANG_WARN_BLOCK_CAPTURE_AUTORELEASING = YES;
				CLANG_WARN_BOOL_CONVERSION = YES;
				CLANG_WARN_COMMA = YES;
				CLANG_WARN_CONSTANT_CONVERSION = YES;
				CLANG_WARN_DEPRECATED_OBJC_IMPLEMENTATIONS = YES;
				CLANG_WARN_DIRECT_OBJC_ISA_USAGE = YES_ERROR;
				CLANG_WARN_DOCUMENTATION_COMMENTS = YES;
				CLANG_WARN_EMPTY_BODY = YES;
				CLANG_WARN_ENUM_CONVERSION = YES;
				CLANG_WARN_INFINITE_RECURSION = YES;
				CLANG_WARN_INT_CONVERSION = YES;
				CLANG_WARN_NON_LITERAL_NULL_CONVERSION = YES;
				CLANG_WARN_OBJC_IMPLICIT_RETAIN_SELF = YES;
				CLANG_WARN_OBJC_LITERAL_CONVERSION = YES;
				CLANG_WARN_OBJC_ROOT_CLASS = YES_ERROR;
				CLANG_WARN_QUOTED_INCLUDE_IN_FRAMEWORK_HEADER = YES;
				CLANG_WARN_RANGE_LOOP_ANALYSIS = YES;
				CLANG_WARN_STRICT_PROTOTYPES = YES;
				CLANG_WARN_SUSPICIOUS_MOVE = YES;
				CLANG_WARN_UNGUARDED_AVAILABILITY = YES_AGGRESSIVE;
				CLANG_WARN_UNREACHABLE_CODE = YES;
				CLANG_WARN__DUPLICATE_METHOD_MATCH = YES;
				COPY_PHASE_STRIP = NO;
				DEBUG_INFORMATION_FORMAT = dwarf;
				ENABLE_STRICT_OBJC_MSGSEND = YES;
				ENABLE_TESTABILITY = YES;
				GCC_C_LANGUAGE_STANDARD = gnu11;
				GCC_DYNAMIC_NO_PIC = NO;
				GCC_NO_COMMON_BLOCKS = YES;
				GCC_OPTIMIZATION_LEVEL = 0;
				GCC_PREPROCESSOR_DEFINITIONS = (
					"DEBUG=1",
					"$(inherited)",
				);
				GCC_WARN_64_TO_32_BIT_CONVERSION = YES;
				GCC_WARN_ABOUT_RETURN_TYPE = YES_ERROR;
				GCC_WARN_UNDECLARED_SELECTOR = YES;
				GCC_WARN_UNINITIALIZED_AUTOS = YES_AGGRESSIVE;
				GCC_WARN_UNUSED_FUNCTION = YES;
				GCC_WARN_UNUSED_VARIABLE = YES;
				IPHONEOS_DEPLOYMENT_TARGET = 15.0;
				MTL_ENABLE_DEBUG_INFO = INCLUDE_SOURCE;
				MTL_FAST_MATH = YES;
				ONLY_ACTIVE_ARCH = YES;
				SDKROOT = iphoneos;
				SWIFT_ACTIVE_COMPILATION_CONDITIONS = DEBUG;
				SWIFT_OPTIMIZATION_LEVEL = "-Onone";
			};
			name = Debug;
		};
		52B9B04527201E2800DADC63 /* Release */ = {
			isa = XCBuildConfiguration;
			buildSettings = {
				ALWAYS_SEARCH_USER_PATHS = NO;
				CLANG_ANALYZER_NONNULL = YES;
				CLANG_ANALYZER_NUMBER_OBJECT_CONVERSION = YES_AGGRESSIVE;
				CLANG_CXX_LANGUAGE_STANDARD = "gnu++17";
				CLANG_CXX_LIBRARY = "libc++";
				CLANG_ENABLE_MODULES = YES;
				CLANG_ENABLE_OBJC_ARC = YES;
				CLANG_ENABLE_OBJC_WEAK = YES;
				CLANG_WARN_BLOCK_CAPTURE_AUTORELEASING = YES;
				CLANG_WARN_BOOL_CONVERSION = YES;
				CLANG_WARN_COMMA = YES;
				CLANG_WARN_CONSTANT_CONVERSION = YES;
				CLANG_WARN_DEPRECATED_OBJC_IMPLEMENTATIONS = YES;
				CLANG_WARN_DIRECT_OBJC_ISA_USAGE = YES_ERROR;
				CLANG_WARN_DOCUMENTATION_COMMENTS = YES;
				CLANG_WARN_EMPTY_BODY = YES;
				CLANG_WARN_ENUM_CONVERSION = YES;
				CLANG_WARN_INFINITE_RECURSION = YES;
				CLANG_WARN_INT_CONVERSION = YES;
				CLANG_WARN_NON_LITERAL_NULL_CONVERSION = YES;
				CLANG_WARN_OBJC_IMPLICIT_RETAIN_SELF = YES;
				CLANG_WARN_OBJC_LITERAL_CONVERSION = YES;
				CLANG_WARN_OBJC_ROOT_CLASS = YES_ERROR;
				CLANG_WARN_QUOTED_INCLUDE_IN_FRAMEWORK_HEADER = YES;
				CLANG_WARN_RANGE_LOOP_ANALYSIS = YES;
				CLANG_WARN_STRICT_PROTOTYPES = YES;
				CLANG_WARN_SUSPICIOUS_MOVE = YES;
				CLANG_WARN_UNGUARDED_AVAILABILITY = YES_AGGRESSIVE;
				CLANG_WARN_UNREACHABLE_CODE = YES;
				CLANG_WARN__DUPLICATE_METHOD_MATCH = YES;
				COPY_PHASE_STRIP = NO;
				DEBUG_INFORMATION_FORMAT = "dwarf-with-dsym";
				ENABLE_NS_ASSERTIONS = NO;
				ENABLE_STRICT_OBJC_MSGSEND = YES;
				GCC_C_LANGUAGE_STANDARD = gnu11;
				GCC_NO_COMMON_BLOCKS = YES;
				GCC_WARN_64_TO_32_BIT_CONVERSION = YES;
				GCC_WARN_ABOUT_RETURN_TYPE = YES_ERROR;
				GCC_WARN_UNDECLARED_SELECTOR = YES;
				GCC_WARN_UNINITIALIZED_AUTOS = YES_AGGRESSIVE;
				GCC_WARN_UNUSED_FUNCTION = YES;
				GCC_WARN_UNUSED_VARIABLE = YES;
				IPHONEOS_DEPLOYMENT_TARGET = 15.0;
				MTL_ENABLE_DEBUG_INFO = NO;
				MTL_FAST_MATH = YES;
				SDKROOT = iphoneos;
				SWIFT_COMPILATION_MODE = wholemodule;
				SWIFT_OPTIMIZATION_LEVEL = "-O";
				VALIDATE_PRODUCT = YES;
			};
			name = Release;
		};
		52B9B04727201E2800DADC63 /* Debug */ = {
			isa = XCBuildConfiguration;
			buildSettings = {
				ASSETCATALOG_COMPILER_APPICON_NAME = AppIcon;
				ASSETCATALOG_COMPILER_GLOBAL_ACCENT_COLOR_NAME = AccentColor;
				CODE_SIGN_STYLE = Automatic;
				CURRENT_PROJECT_VERSION = 1;
				DEVELOPMENT_ASSET_PATHS = "\"Fructus/Preview Content\"";
				DEVELOPMENT_TEAM = B928425H46;
				ENABLE_PREVIEWS = YES;
				GENERATE_INFOPLIST_FILE = YES;
				INFOPLIST_KEY_UIApplicationSceneManifest_Generation = YES;
				INFOPLIST_KEY_UIApplicationSupportsIndirectInputEvents = YES;
				INFOPLIST_KEY_UILaunchScreen_Generation = YES;
				INFOPLIST_KEY_UISupportedInterfaceOrientations = UIInterfaceOrientationPortrait;
				INFOPLIST_KEY_UISupportedInterfaceOrientations_iPad = "UIInterfaceOrientationPortrait UIInterfaceOrientationPortraitUpsideDown UIInterfaceOrientationLandscapeLeft UIInterfaceOrientationLandscapeRight";
				INFOPLIST_KEY_UISupportedInterfaceOrientations_iPhone = "UIInterfaceOrientationPortrait UIInterfaceOrientationLandscapeLeft UIInterfaceOrientationLandscapeRight";
				IPHONEOS_DEPLOYMENT_TARGET = 14.0;
				LD_RUNPATH_SEARCH_PATHS = (
					"$(inherited)",
					"@executable_path/Frameworks",
				);
				MARKETING_VERSION = 1.0;
				PRODUCT_BUNDLE_IDENTIFIER = NerijusSurkys.Fructus;
				PRODUCT_NAME = "$(TARGET_NAME)";
				SWIFT_EMIT_LOC_STRINGS = YES;
				SWIFT_VERSION = 5.0;
				TARGETED_DEVICE_FAMILY = "1,2";
			};
			name = Debug;
		};
		52B9B04827201E2800DADC63 /* Release */ = {
			isa = XCBuildConfiguration;
			buildSettings = {
				ASSETCATALOG_COMPILER_APPICON_NAME = AppIcon;
				ASSETCATALOG_COMPILER_GLOBAL_ACCENT_COLOR_NAME = AccentColor;
				CODE_SIGN_STYLE = Automatic;
				CURRENT_PROJECT_VERSION = 1;
				DEVELOPMENT_ASSET_PATHS = "\"Fructus/Preview Content\"";
				DEVELOPMENT_TEAM = B928425H46;
				ENABLE_PREVIEWS = YES;
				GENERATE_INFOPLIST_FILE = YES;
				INFOPLIST_KEY_UIApplicationSceneManifest_Generation = YES;
				INFOPLIST_KEY_UIApplicationSupportsIndirectInputEvents = YES;
				INFOPLIST_KEY_UILaunchScreen_Generation = YES;
				INFOPLIST_KEY_UISupportedInterfaceOrientations = UIInterfaceOrientationPortrait;
				INFOPLIST_KEY_UISupportedInterfaceOrientations_iPad = "UIInterfaceOrientationPortrait UIInterfaceOrientationPortraitUpsideDown UIInterfaceOrientationLandscapeLeft UIInterfaceOrientationLandscapeRight";
				INFOPLIST_KEY_UISupportedInterfaceOrientations_iPhone = "UIInterfaceOrientationPortrait UIInterfaceOrientationLandscapeLeft UIInterfaceOrientationLandscapeRight";
				IPHONEOS_DEPLOYMENT_TARGET = 14.0;
				LD_RUNPATH_SEARCH_PATHS = (
					"$(inherited)",
					"@executable_path/Frameworks",
				);
				MARKETING_VERSION = 1.0;
				PRODUCT_BUNDLE_IDENTIFIER = NerijusSurkys.Fructus;
				PRODUCT_NAME = "$(TARGET_NAME)";
				SWIFT_EMIT_LOC_STRINGS = YES;
				SWIFT_VERSION = 5.0;
				TARGETED_DEVICE_FAMILY = "1,2";
			};
			name = Release;
		};
/* End XCBuildConfiguration section */

/* Begin XCConfigurationList section */
		52B9B03327201E2600DADC63 /* Build configuration list for PBXProject "Fructus" */ = {
			isa = XCConfigurationList;
			buildConfigurations = (
				52B9B04427201E2800DADC63 /* Debug */,
				52B9B04527201E2800DADC63 /* Release */,
			);
			defaultConfigurationIsVisible = 0;
			defaultConfigurationName = Release;
		};
		52B9B04627201E2800DADC63 /* Build configuration list for PBXNativeTarget "Fructus" */ = {
			isa = XCConfigurationList;
			buildConfigurations = (
				52B9B04727201E2800DADC63 /* Debug */,
				52B9B04827201E2800DADC63 /* Release */,
			);
			defaultConfigurationIsVisible = 0;
			defaultConfigurationName = Release;
		};
/* End XCConfigurationList section */
	};
	rootObject = 52B9B03027201E2600DADC63 /* Project object */;
}
